
Microsoft Visual Studio Solution File, Format Version 12.00
# Visual Studio Version 17
VisualStudioVersion = 17.12.35527.113 d17.12
MinimumVisualStudioVersion = 10.0.40219.1
Project("{FAE04EC0-301F-11D3-BF4B-00C04F79EFBC}") = "CPPPPAdvancedProgramming7", "CPPPPAdvancedProgramming7\CPPPPAdvancedProgramming7.csproj", "{D2ED38B4-887F-49D0-8578-D994C5CAB826}"
EndProject
Global
	GlobalSection(SolutionConfigurationPlatforms) = preSolution
		Debug|Any CPU = Debug|Any CPU
		Release|Any CPU = Release|Any CPU
	EndGlobalSection
	GlobalSection(ProjectConfigurationPlatforms) = postSolution
		{D2ED38B4-887F-49D0-8578-D994C5CAB826}.Debug|Any CPU.ActiveCfg = Debug|Any CPU
		{D2ED38B4-887F-49D0-8578-D994C5CAB826}.Debug|Any CPU.Build.0 = Debug|Any CPU
		{D2ED38B4-887F-49D0-8578-D994C5CAB826}.Release|Any CPU.ActiveCfg = Release|Any CPU
		{D2ED38B4-887F-49D0-8578-D994C5CAB826}.Release|Any CPU.Build.0 = Release|Any CPU
	EndGlobalSection
	GlobalSection(SolutionProperties) = preSolution
		HideSolutionNode = FALSE
	EndGlobalSection
EndGlobal
